
Microsoft Visual Studio Solution File, Format Version 12.00
# Visual Studio 15
VisualStudioVersion = 15.0.27428.2037
MinimumVisualStudioVersion = 10.0.40219.1
Project("{FAE04EC0-301F-11D3-BF4B-00C04F79EFBC}") = "ImageRotator", "ImageRotator\ImageRotator.csproj", "{FEE50C86-F6F5-4DCE-93E6-47FD351D04AF}"
EndProject
Global
	GlobalSection(SolutionConfigurationPlatforms) = preSolution
		Debug|Any CPU = Debug|Any CPU
		Release|Any CPU = Release|Any CPU
	EndGlobalSection
	GlobalSection(ProjectConfigurationPlatforms) = postSolution
		{FEE50C86-F6F5-4DCE-93E6-47FD351D04AF}.Debug|Any CPU.ActiveCfg = Debug|Any CPU
		{FEE50C86-F6F5-4DCE-93E6-47FD351D04AF}.Debug|Any CPU.Build.0 = Debug|Any CPU
		{FEE50C86-F6F5-4DCE-93E6-47FD351D04AF}.Release|Any CPU.ActiveCfg = Release|Any CPU
		{FEE50C86-F6F5-4DCE-93E6-47FD351D04AF}.Release|Any CPU.Build.0 = Release|Any CPU
	EndGlobalSection
	GlobalSection(SolutionProperties) = preSolution
		HideSolutionNode = FALSE
	EndGlobalSection
	GlobalSection(ExtensibilityGlobals) = postSolution
		SolutionGuid = {F79777B0-9995-4EC1-BAEA-7FF7F77C7E59}
	EndGlobalSection
EndGlobal
